
Microsoft Visual Studio Solution File, Format Version 12.00
# Visual Studio Version 16
VisualStudioVersion = 16.0.29326.143
MinimumVisualStudioVersion = 10.0.40219.1
Project("{8BC9CEB8-8B4A-11D0-8D11-00A0C91BC942}") = "lab2", "lab2\lab2.vcxproj", "{F4A5695B-C722-4522-937D-1B9E6BB60AF8}"
EndProject
Global
	GlobalSection(SolutionConfigurationPlatforms) = preSolution
		Debug|x64 = Debug|x64
		Debug|x86 = Debug|x86
		Release|x64 = Release|x64
		Release|x86 = Release|x86
	EndGlobalSection
	GlobalSection(ProjectConfigurationPlatforms) = postSolution
		{F4A5695B-C722-4522-937D-1B9E6BB60AF8}.Debug|x64.ActiveCfg = Debug|x64
		{F4A5695B-C722-4522-937D-1B9E6BB60AF8}.Debug|x64.Build.0 = Debug|x64
		{F4A5695B-C722-4522-937D-1B9E6BB60AF8}.Debug|x86.ActiveCfg = Debug|Win32
		{F4A5695B-C722-4522-937D-1B9E6BB60AF8}.Debug|x86.Build.0 = Debug|Win32
		{F4A5695B-C722-4522-937D-1B9E6BB60AF8}.Release|x64.ActiveCfg = Release|x64
		{F4A5695B-C722-4522-937D-1B9E6BB60AF8}.Release|x64.Build.0 = Release|x64
		{F4A5695B-C722-4522-937D-1B9E6BB60AF8}.Release|x86.ActiveCfg = Release|Win32
		{F4A5695B-C722-4522-937D-1B9E6BB60AF8}.Release|x86.Build.0 = Release|Win32
	EndGlobalSection
	GlobalSection(SolutionProperties) = preSolution
		HideSolutionNode = FALSE
	EndGlobalSection
	GlobalSection(ExtensibilityGlobals) = postSolution
		SolutionGuid = {28600B30-E159-46EF-8725-227310558BB1}
	EndGlobalSection
EndGlobal
